
Microsoft Visual Studio Solution File, Format Version 12.00
# Visual Studio Version 17
Project("{8BC9CEB8-8B4A-11D0-8D11-00A0C91BC942}") = "RealWorldWeatherAcoustics", "WwisePlugin\RealWorldWeatherAcoustics_Authoring_Windows_vc170.vcxproj", "{D1198E4B-DEFF-8CF7-763F-9913D461F6A1}"
	ProjectSection(ProjectDependencies) = postProject
		{ECDA58AF-D28D-14CC-CE0C-15ECC596B574} = {ECDA58AF-D28D-14CC-CE0C-15ECC596B574}
	EndProjectSection
EndProject
Project("{8BC9CEB8-8B4A-11D0-8D11-00A0C91BC942}") = "RealWorldWeatherAcousticsSource", "SoundEnginePlugin\RealWorldWeatherAcoustics_Windows_vc170_static.vcxproj", "{ECDA58AF-D28D-14CC-CE0C-15ECC596B574}"
EndProject
Global
	GlobalSection(SolutionConfigurationPlatforms) = preSolution
		Debug|ARM64 = Debug|ARM64
		Debug|Win32 = Debug|Win32
		Debug|x64 = Debug|x64
		Release|ARM64 = Release|ARM64
		Release|Win32 = Release|Win32
		Release|x64 = Release|x64
	EndGlobalSection
	GlobalSection(ProjectConfigurationPlatforms) = postSolution
		{D1198E4B-DEFF-8CF7-763F-9913D461F6A1}.Debug|ARM64.ActiveCfg = Debug|ARM64
		{D1198E4B-DEFF-8CF7-763F-9913D461F6A1}.Debug|ARM64.Build.0 = Debug|ARM64
		{D1198E4B-DEFF-8CF7-763F-9913D461F6A1}.Debug|Win32.ActiveCfg = Debug|Win32
		{D1198E4B-DEFF-8CF7-763F-9913D461F6A1}.Debug|Win32.Build.0 = Debug|Win32
		{D1198E4B-DEFF-8CF7-763F-9913D461F6A1}.Debug|x64.ActiveCfg = Debug|x64
		{D1198E4B-DEFF-8CF7-763F-9913D461F6A1}.Debug|x64.Build.0 = Debug|x64
		{D1198E4B-DEFF-8CF7-763F-9913D461F6A1}.Release|ARM64.ActiveCfg = Release|ARM64
		{D1198E4B-DEFF-8CF7-763F-9913D461F6A1}.Release|ARM64.Build.0 = Release|ARM64
		{D1198E4B-DEFF-8CF7-763F-9913D461F6A1}.Release|Win32.ActiveCfg = Release|Win32
		{D1198E4B-DEFF-8CF7-763F-9913D461F6A1}.Release|Win32.Build.0 = Release|Win32
		{D1198E4B-DEFF-8CF7-763F-9913D461F6A1}.Release|x64.ActiveCfg = Release|x64
		{D1198E4B-DEFF-8CF7-763F-9913D461F6A1}.Release|x64.Build.0 = Release|x64
		{ECDA58AF-D28D-14CC-CE0C-15ECC596B574}.Debug|ARM64.ActiveCfg = Debug|ARM64
		{ECDA58AF-D28D-14CC-CE0C-15ECC596B574}.Debug|ARM64.Build.0 = Debug|ARM64
		{ECDA58AF-D28D-14CC-CE0C-15ECC596B574}.Debug|Win32.ActiveCfg = Debug|Win32
		{ECDA58AF-D28D-14CC-CE0C-15ECC596B574}.Debug|Win32.Build.0 = Debug|Win32
		{ECDA58AF-D28D-14CC-CE0C-15ECC596B574}.Debug|x64.ActiveCfg = Debug|x64
		{ECDA58AF-D28D-14CC-CE0C-15ECC596B574}.Debug|x64.Build.0 = Debug|x64
		{ECDA58AF-D28D-14CC-CE0C-15ECC596B574}.Release|ARM64.ActiveCfg = Profile|ARM64
		{ECDA58AF-D28D-14CC-CE0C-15ECC596B574}.Release|ARM64.Build.0 = Profile|ARM64
		{ECDA58AF-D28D-14CC-CE0C-15ECC596B574}.Release|Win32.ActiveCfg = Profile|Win32
		{ECDA58AF-D28D-14CC-CE0C-15ECC596B574}.Release|Win32.Build.0 = Profile|Win32
		{ECDA58AF-D28D-14CC-CE0C-15ECC596B574}.Release|x64.ActiveCfg = Profile|x64
		{ECDA58AF-D28D-14CC-CE0C-15ECC596B574}.Release|x64.Build.0 = Profile|x64
	EndGlobalSection
	GlobalSection(SolutionProperties) = preSolution
		HideSolutionNode = FALSE
	EndGlobalSection
EndGlobal
